
Microsoft Visual Studio Solution File, Format Version 12.00
# Visual Studio Version 16
VisualStudioVersion = 16.0.30011.22
MinimumVisualStudioVersion = 10.0.40219.1
Project("{FAE04EC0-301F-11D3-BF4B-00C04F79EFBC}") = "myfirstaks", "myfirstaks\myfirstaks.csproj", "{547D31B1-1044-47DE-B418-5C82F467FACB}"
EndProject
Global
	GlobalSection(SolutionConfigurationPlatforms) = preSolution
		Debug|Any CPU = Debug|Any CPU
		Release|Any CPU = Release|Any CPU
	EndGlobalSection
	GlobalSection(ProjectConfigurationPlatforms) = postSolution
		{547D31B1-1044-47DE-B418-5C82F467FACB}.Debug|Any CPU.ActiveCfg = Debug|Any CPU
		{547D31B1-1044-47DE-B418-5C82F467FACB}.Debug|Any CPU.Build.0 = Debug|Any CPU
		{547D31B1-1044-47DE-B418-5C82F467FACB}.Release|Any CPU.ActiveCfg = Release|Any CPU
		{547D31B1-1044-47DE-B418-5C82F467FACB}.Release|Any CPU.Build.0 = Release|Any CPU
	EndGlobalSection
	GlobalSection(SolutionProperties) = preSolution
		HideSolutionNode = FALSE
	EndGlobalSection
	GlobalSection(ExtensibilityGlobals) = postSolution
		SolutionGuid = {AE48784C-5AC9-4B6C-B951-D54ECBF9314D}
	EndGlobalSection
EndGlobal
